
Microsoft Visual Studio Solution File, Format Version 12.00
# Visual Studio 15
VisualStudioVersion = 15.0.26430.16
MinimumVisualStudioVersion = 15.0.26124.0
Project("{9A19103F-16F7-4668-BE54-9A1E7A4F7556}") = "LicenseExtractor", "Driver\LicenseExtractor.csproj", "{2788A215-ADC8-4000-8C5F-335AE93909C7}"
EndProject
Project("{FAE04EC0-301F-11D3-BF4B-00C04F79EFBC}") = "LicenseExtractor.Interfaces", "LicenseExtractor.Interfaces\LicenseExtractor.Interfaces.csproj", "{FE27BE85-CC87-406A-A52B-AE704CC5726C}"
EndProject
Project("{FAE04EC0-301F-11D3-BF4B-00C04F79EFBC}") = "LicenseExtractor.Models", "LicenseExtractor.Models\LicenseExtractor.Models.csproj", "{30F6A769-E0F1-41F3-9094-093AD5EEDAAF}"
EndProject
Project("{FAE04EC0-301F-11D3-BF4B-00C04F79EFBC}") = "LicenseExtractor.NuGetResolver", "LicenseExtractor.NuGetResolver\LicenseExtractor.NuGetResolver.csproj", "{4349D6AE-16ED-457D-8DCC-FECCBBE7DCC2}"
EndProject
Project("{FAE04EC0-301F-11D3-BF4B-00C04F79EFBC}") = "LicenseExtractor.PaketResolver", "LicenseExtractor.PaketResolver\LicenseExtractor.PaketResolver.csproj", "{5974636E-874A-45E2-BE97-8E3E8F559E40}"
EndProject
Global
	GlobalSection(SolutionConfigurationPlatforms) = preSolution
		Debug|Any CPU = Debug|Any CPU
		Debug|x64 = Debug|x64
		Debug|x86 = Debug|x86
		Release|Any CPU = Release|Any CPU
		Release|x64 = Release|x64
		Release|x86 = Release|x86
	EndGlobalSection
	GlobalSection(ProjectConfigurationPlatforms) = postSolution
		{2788A215-ADC8-4000-8C5F-335AE93909C7}.Debug|Any CPU.ActiveCfg = Debug|Any CPU
		{2788A215-ADC8-4000-8C5F-335AE93909C7}.Debug|Any CPU.Build.0 = Debug|Any CPU
		{2788A215-ADC8-4000-8C5F-335AE93909C7}.Debug|x64.ActiveCfg = Debug|Any CPU
		{2788A215-ADC8-4000-8C5F-335AE93909C7}.Debug|x64.Build.0 = Debug|Any CPU
		{2788A215-ADC8-4000-8C5F-335AE93909C7}.Debug|x86.ActiveCfg = Debug|Any CPU
		{2788A215-ADC8-4000-8C5F-335AE93909C7}.Debug|x86.Build.0 = Debug|Any CPU
		{2788A215-ADC8-4000-8C5F-335AE93909C7}.Release|Any CPU.ActiveCfg = Release|Any CPU
		{2788A215-ADC8-4000-8C5F-335AE93909C7}.Release|Any CPU.Build.0 = Release|Any CPU
		{2788A215-ADC8-4000-8C5F-335AE93909C7}.Release|x64.ActiveCfg = Release|Any CPU
		{2788A215-ADC8-4000-8C5F-335AE93909C7}.Release|x64.Build.0 = Release|Any CPU
		{2788A215-ADC8-4000-8C5F-335AE93909C7}.Release|x86.ActiveCfg = Release|Any CPU
		{2788A215-ADC8-4000-8C5F-335AE93909C7}.Release|x86.Build.0 = Release|Any CPU
		{FE27BE85-CC87-406A-A52B-AE704CC5726C}.Debug|Any CPU.ActiveCfg = Debug|Any CPU
		{FE27BE85-CC87-406A-A52B-AE704CC5726C}.Debug|Any CPU.Build.0 = Debug|Any CPU
		{FE27BE85-CC87-406A-A52B-AE704CC5726C}.Debug|x64.ActiveCfg = Debug|Any CPU
		{FE27BE85-CC87-406A-A52B-AE704CC5726C}.Debug|x64.Build.0 = Debug|Any CPU
		{FE27BE85-CC87-406A-A52B-AE704CC5726C}.Debug|x86.ActiveCfg = Debug|Any CPU
		{FE27BE85-CC87-406A-A52B-AE704CC5726C}.Debug|x86.Build.0 = Debug|Any CPU
		{FE27BE85-CC87-406A-A52B-AE704CC5726C}.Release|Any CPU.ActiveCfg = Release|Any CPU
		{FE27BE85-CC87-406A-A52B-AE704CC5726C}.Release|Any CPU.Build.0 = Release|Any CPU
		{FE27BE85-CC87-406A-A52B-AE704CC5726C}.Release|x64.ActiveCfg = Release|Any CPU
		{FE27BE85-CC87-406A-A52B-AE704CC5726C}.Release|x64.Build.0 = Release|Any CPU
		{FE27BE85-CC87-406A-A52B-AE704CC5726C}.Release|x86.ActiveCfg = Release|Any CPU
		{FE27BE85-CC87-406A-A52B-AE704CC5726C}.Release|x86.Build.0 = Release|Any CPU
		{30F6A769-E0F1-41F3-9094-093AD5EEDAAF}.Debug|Any CPU.ActiveCfg = Debug|Any CPU
		{30F6A769-E0F1-41F3-9094-093AD5EEDAAF}.Debug|Any CPU.Build.0 = Debug|Any CPU
		{30F6A769-E0F1-41F3-9094-093AD5EEDAAF}.Debug|x64.ActiveCfg = Debug|Any CPU
		{30F6A769-E0F1-41F3-9094-093AD5EEDAAF}.Debug|x64.Build.0 = Debug|Any CPU
		{30F6A769-E0F1-41F3-9094-093AD5EEDAAF}.Debug|x86.ActiveCfg = Debug|Any CPU
		{30F6A769-E0F1-41F3-9094-093AD5EEDAAF}.Debug|x86.Build.0 = Debug|Any CPU
		{30F6A769-E0F1-41F3-9094-093AD5EEDAAF}.Release|Any CPU.ActiveCfg = Release|Any CPU
		{30F6A769-E0F1-41F3-9094-093AD5EEDAAF}.Release|Any CPU.Build.0 = Release|Any CPU
		{30F6A769-E0F1-41F3-9094-093AD5EEDAAF}.Release|x64.ActiveCfg = Release|Any CPU
		{30F6A769-E0F1-41F3-9094-093AD5EEDAAF}.Release|x64.Build.0 = Release|Any CPU
		{30F6A769-E0F1-41F3-9094-093AD5EEDAAF}.Release|x86.ActiveCfg = Release|Any CPU
		{30F6A769-E0F1-41F3-9094-093AD5EEDAAF}.Release|x86.Build.0 = Release|Any CPU
		{4349D6AE-16ED-457D-8DCC-FECCBBE7DCC2}.Debug|Any CPU.ActiveCfg = Debug|Any CPU
		{4349D6AE-16ED-457D-8DCC-FECCBBE7DCC2}.Debug|Any CPU.Build.0 = Debug|Any CPU
		{4349D6AE-16ED-457D-8DCC-FECCBBE7DCC2}.Debug|x64.ActiveCfg = Debug|Any CPU
		{4349D6AE-16ED-457D-8DCC-FECCBBE7DCC2}.Debug|x64.Build.0 = Debug|Any CPU
		{4349D6AE-16ED-457D-8DCC-FECCBBE7DCC2}.Debug|x86.ActiveCfg = Debug|Any CPU
		{4349D6AE-16ED-457D-8DCC-FECCBBE7DCC2}.Debug|x86.Build.0 = Debug|Any CPU
		{4349D6AE-16ED-457D-8DCC-FECCBBE7DCC2}.Release|Any CPU.ActiveCfg = Release|Any CPU
		{4349D6AE-16ED-457D-8DCC-FECCBBE7DCC2}.Release|Any CPU.Build.0 = Release|Any CPU
		{4349D6AE-16ED-457D-8DCC-FECCBBE7DCC2}.Release|x64.ActiveCfg = Release|Any CPU
		{4349D6AE-16ED-457D-8DCC-FECCBBE7DCC2}.Release|x64.Build.0 = Release|Any CPU
		{4349D6AE-16ED-457D-8DCC-FECCBBE7DCC2}.Release|x86.ActiveCfg = Release|Any CPU
		{4349D6AE-16ED-457D-8DCC-FECCBBE7DCC2}.Release|x86.Build.0 = Release|Any CPU
		{5974636E-874A-45E2-BE97-8E3E8F559E40}.Debug|Any CPU.ActiveCfg = Debug|Any CPU
		{5974636E-874A-45E2-BE97-8E3E8F559E40}.Debug|Any CPU.Build.0 = Debug|Any CPU
		{5974636E-874A-45E2-BE97-8E3E8F559E40}.Debug|x64.ActiveCfg = Debug|Any CPU
		{5974636E-874A-45E2-BE97-8E3E8F559E40}.Debug|x64.Build.0 = Debug|Any CPU
		{5974636E-874A-45E2-BE97-8E3E8F559E40}.Debug|x86.ActiveCfg = Debug|Any CPU
		{5974636E-874A-45E2-BE97-8E3E8F559E40}.Debug|x86.Build.0 = Debug|Any CPU
		{5974636E-874A-45E2-BE97-8E3E8F559E40}.Release|Any CPU.ActiveCfg = Release|Any CPU
		{5974636E-874A-45E2-BE97-8E3E8F559E40}.Release|Any CPU.Build.0 = Release|Any CPU
		{5974636E-874A-45E2-BE97-8E3E8F559E40}.Release|x64.ActiveCfg = Release|Any CPU
		{5974636E-874A-45E2-BE97-8E3E8F559E40}.Release|x64.Build.0 = Release|Any CPU
		{5974636E-874A-45E2-BE97-8E3E8F559E40}.Release|x86.ActiveCfg = Release|Any CPU
		{5974636E-874A-45E2-BE97-8E3E8F559E40}.Release|x86.Build.0 = Release|Any CPU
	EndGlobalSection
	GlobalSection(SolutionProperties) = preSolution
		HideSolutionNode = FALSE
	EndGlobalSection
EndGlobal
